
Microsoft Visual Studio Solution File, Format Version 12.00
# Visual Studio Version 17
VisualStudioVersion = 17.7.34031.279
MinimumVisualStudioVersion = 10.0.40219.1
Project("{FAE04EC0-301F-11D3-BF4B-00C04F79EFBC}") = "Capa Presentacion", "Capa Presentacion.csproj", "{87F9E60C-4777-420D-B7DD-9D204A5A59A6}"
EndProject
Project("{FAE04EC0-301F-11D3-BF4B-00C04F79EFBC}") = "CapaEntidad", "..\CapaEntidad\CapaEntidad.csproj", "{70784A03-CEA2-4E73-98E1-EB49AC5B8BED}"
EndProject
Project("{FAE04EC0-301F-11D3-BF4B-00C04F79EFBC}") = "CapaNegocio", "..\CapaNegocio\CapaNegocio.csproj", "{831FD108-EC45-4A92-B259-9B0AE9C42743}"
EndProject
Project("{FAE04EC0-301F-11D3-BF4B-00C04F79EFBC}") = "CapaDatos", "..\CapaDatos\CapaDatos.csproj", "{6025836C-950B-41D9-BFE3-257C5E257F5A}"
EndProject
Global
	GlobalSection(SolutionConfigurationPlatforms) = preSolution
		Debug|Any CPU = Debug|Any CPU
		Release|Any CPU = Release|Any CPU
	EndGlobalSection
	GlobalSection(ProjectConfigurationPlatforms) = postSolution
		{87F9E60C-4777-420D-B7DD-9D204A5A59A6}.Debug|Any CPU.ActiveCfg = Debug|Any CPU
		{87F9E60C-4777-420D-B7DD-9D204A5A59A6}.Debug|Any CPU.Build.0 = Debug|Any CPU
		{87F9E60C-4777-420D-B7DD-9D204A5A59A6}.Release|Any CPU.ActiveCfg = Release|Any CPU
		{87F9E60C-4777-420D-B7DD-9D204A5A59A6}.Release|Any CPU.Build.0 = Release|Any CPU
		{70784A03-CEA2-4E73-98E1-EB49AC5B8BED}.Debug|Any CPU.ActiveCfg = Debug|Any CPU
		{70784A03-CEA2-4E73-98E1-EB49AC5B8BED}.Debug|Any CPU.Build.0 = Debug|Any CPU
		{70784A03-CEA2-4E73-98E1-EB49AC5B8BED}.Release|Any CPU.ActiveCfg = Release|Any CPU
		{70784A03-CEA2-4E73-98E1-EB49AC5B8BED}.Release|Any CPU.Build.0 = Release|Any CPU
		{831FD108-EC45-4A92-B259-9B0AE9C42743}.Debug|Any CPU.ActiveCfg = Debug|Any CPU
		{831FD108-EC45-4A92-B259-9B0AE9C42743}.Debug|Any CPU.Build.0 = Debug|Any CPU
		{831FD108-EC45-4A92-B259-9B0AE9C42743}.Release|Any CPU.ActiveCfg = Release|Any CPU
		{831FD108-EC45-4A92-B259-9B0AE9C42743}.Release|Any CPU.Build.0 = Release|Any CPU
		{6025836C-950B-41D9-BFE3-257C5E257F5A}.Debug|Any CPU.ActiveCfg = Debug|Any CPU
		{6025836C-950B-41D9-BFE3-257C5E257F5A}.Debug|Any CPU.Build.0 = Debug|Any CPU
		{6025836C-950B-41D9-BFE3-257C5E257F5A}.Release|Any CPU.ActiveCfg = Release|Any CPU
		{6025836C-950B-41D9-BFE3-257C5E257F5A}.Release|Any CPU.Build.0 = Release|Any CPU
	EndGlobalSection
	GlobalSection(SolutionProperties) = preSolution
		HideSolutionNode = FALSE
	EndGlobalSection
	GlobalSection(ExtensibilityGlobals) = postSolution
		SolutionGuid = {9AB3EC3E-A1F1-4858-9E73-05FF75A63DC1}
	EndGlobalSection
EndGlobal
